// !$*UTF8*$!
{
	archiveVersion = 1;
	classes = {
	};
	objectVersion = 46;
	objects = {

/* Begin PBXBuildFile section */
		015D078D15C8F1080005AA87 /* libCorePlot-CocoaTouch.a in Frameworks */ = {isa = PBXBuildFile; fileRef = 015D078C15C8F1080005AA87 /* libCorePlot-CocoaTouch.a */; };
		2A86784815C9518300720B2D /* QuartzCore.framework in Frameworks */ = {isa = PBXBuildFile; fileRef = 2A86784715C9518300720B2D /* QuartzCore.framework */; };
		2A86784B15CA2A3F00720B2D /* AddGraph.m in Sources */ = {isa = PBXBuildFile; fileRef = 2A86784A15CA2A3F00720B2D /* AddGraph.m */; };
		2A86784E15CA318B00720B2D /* TranslateFormat.m in Sources */ = {isa = PBXBuildFile; fileRef = 2A86784D15CA318B00720B2D /* TranslateFormat.m */; };
		2A92149015CCBD8700B5B993 /* EditLog.m in Sources */ = {isa = PBXBuildFile; fileRef = 2A92148F15CCBD8700B5B993 /* EditLog.m */; };
		2ACACC8B15CE2FE200A6FB31 /* TranslateFormatTest.m in Sources */ = {isa = PBXBuildFile; fileRef = 2ACACC8A15CE2FE200A6FB31 /* TranslateFormatTest.m */; };
		2ACACC9015CE4BC700A6FB31 /* EditLogTest.m in Sources */ = {isa = PBXBuildFile; fileRef = 2ACACC8F15CE4BC700A6FB31 /* EditLogTest.m */; };
		2ACB176D15CA932D00DDA60E /* License.txt in Resources */ = {isa = PBXBuildFile; fileRef = 2ACB176C15CA932D00DDA60E /* License.txt */; };
		E95EED9515C26A7300F2A89E /* MainViewController.m in Sources */ = {isa = PBXBuildFile; fileRef = E95EED9415C26A7300F2A89E /* MainViewController.m */; };
		E95EED9B15C26C2600F2A89E /* OptionViewController.m in Sources */ = {isa = PBXBuildFile; fileRef = E95EED9A15C26C2600F2A89E /* OptionViewController.m */; };
		E95EED9E15C26D8D00F2A89E /* BudgetViewController.m in Sources */ = {isa = PBXBuildFile; fileRef = E95EED9D15C26D8D00F2A89E /* BudgetViewController.m */; };
		E95EEDA415C26EAB00F2A89E /* GoalViewController.m in Sources */ = {isa = PBXBuildFile; fileRef = E95EEDA315C26EAB00F2A89E /* GoalViewController.m */; };
		E95EEDA715C270B700F2A89E /* DepositViewController.m in Sources */ = {isa = PBXBuildFile; fileRef = E95EEDA615C270B700F2A89E /* DepositViewController.m */; };
		E95EEDAA15C273B200F2A89E /* Methods.m in Sources */ = {isa = PBXBuildFile; fileRef = E95EEDA915C273B200F2A89E /* Methods.m */; };
		E98EA59415BFB8A10019AED5 /* UIKit.framework in Frameworks */ = {isa = PBXBuildFile; fileRef = E98EA59315BFB8A10019AED5 /* UIKit.framework */; };
		E98EA59615BFB8A10019AED5 /* Foundation.framework in Frameworks */ = {isa = PBXBuildFile; fileRef = E98EA59515BFB8A10019AED5 /* Foundation.framework */; };
		E98EA59815BFB8A10019AED5 /* CoreGraphics.framework in Frameworks */ = {isa = PBXBuildFile; fileRef = E98EA59715BFB8A10019AED5 /* CoreGraphics.framework */; };
		E98EA59E15BFB8A10019AED5 /* InfoPlist.strings in Resources */ = {isa = PBXBuildFile; fileRef = E98EA59C15BFB8A10019AED5 /* InfoPlist.strings */; };
		E98EA5A015BFB8A10019AED5 /* main.m in Sources */ = {isa = PBXBuildFile; fileRef = E98EA59F15BFB8A10019AED5 /* main.m */; };
		E98EA5A415BFB8A10019AED5 /* AppDelegate.m in Sources */ = {isa = PBXBuildFile; fileRef = E98EA5A315BFB8A10019AED5 /* AppDelegate.m */; };
		E98EA5A715BFB8A10019AED5 /* MainStoryboard.storyboard in Resources */ = {isa = PBXBuildFile; fileRef = E98EA5A515BFB8A10019AED5 /* MainStoryboard.storyboard */; };
		E98EA5B215BFB8A20019AED5 /* SenTestingKit.framework in Frameworks */ = {isa = PBXBuildFile; fileRef = E98EA5B115BFB8A20019AED5 /* SenTestingKit.framework */; };
		E98EA5B315BFB8A20019AED5 /* UIKit.framework in Frameworks */ = {isa = PBXBuildFile; fileRef = E98EA59315BFB8A10019AED5 /* UIKit.framework */; };
		E98EA5B415BFB8A20019AED5 /* Foundation.framework in Frameworks */ = {isa = PBXBuildFile; fileRef = E98EA59515BFB8A10019AED5 /* Foundation.framework */; };
		E98EA5BC15BFB8A20019AED5 /* InfoPlist.strings in Resources */ = {isa = PBXBuildFile; fileRef = E98EA5BA15BFB8A20019AED5 /* InfoPlist.strings */; };
		E98EA5BF15BFB8A20019AED5 /* CempeiChokinTests.m in Sources */ = {isa = PBXBuildFile; fileRef = E98EA5BE15BFB8A20019AED5 /* CempeiChokinTests.m */; };
		E98EA5CC15BFC9E80019AED5 /* graph.png in Resources */ = {isa = PBXBuildFile; fileRef = E98EA5CB15BFC9E80019AED5 /* graph.png */; };
		E99F6ED715D22C44006053A6 /* FinishViewController.m in Sources */ = {isa = PBXBuildFile; fileRef = E99F6ED615D22C3C006053A6 /* FinishViewController.m */; };
		E9AA9B1915D245BA00D5ADD5 /* Default.png in Resources */ = {isa = PBXBuildFile; fileRef = E9AA9B1315D2454200D5ADD5 /* Default.png */; };
		E9AFEDEC15C9151C0021815A /* help.jpg in Resources */ = {isa = PBXBuildFile; fileRef = E9AFEDEB15C9151C0021815A /* help.jpg */; };
		E9AFEDF015C915BA0021815A /* FirstHelpViewController.m in Sources */ = {isa = PBXBuildFile; fileRef = E9AFEDEF15C915BA0021815A /* FirstHelpViewController.m */; };
/* End PBXBuildFile section */

/* Begin PBXContainerItemProxy section */
		E98EA5B515BFB8A20019AED5 /* PBXContainerItemProxy */ = {
			isa = PBXContainerItemProxy;
			containerPortal = E98EA58615BFB8A10019AED5 /* Project object */;
			proxyType = 1;
			remoteGlobalIDString = E98EA58E15BFB8A10019AED5;
			remoteInfo = CempeiChokin;
		};
/* End PBXContainerItemProxy section */

/* Begin PBXFileReference section */
		015D073D15C8F1080005AA87 /* _CPTConstraintsFixed.h */ = {isa = PBXFileReference; fileEncoding = 4; lastKnownFileType = sourcecode.c.h; path = _CPTConstraintsFixed.h; sourceTree = "<group>"; };
		015D073E15C8F1080005AA87 /* _CPTConstraintsRelative.h */ = {isa = PBXFileReference; fileEncoding = 4; lastKnownFileType = sourcecode.c.h; path = _CPTConstraintsRelative.h; sourceTree = "<group>"; };
		015D073F15C8F1080005AA87 /* _CPTDarkGradientTheme.h */ = {isa = PBXFileReference; fileEncoding = 4; lastKnownFileType = sourcecode.c.h; path = _CPTDarkGradientTheme.h; sourceTree = "<group>"; };
		015D074015C8F1080005AA87 /* _CPTFillColor.h */ = {isa = PBXFileReference; fileEncoding = 4; lastKnownFileType = sourcecode.c.h; path = _CPTFillColor.h; sourceTree = "<group>"; };
		015D074115C8F1080005AA87 /* _CPTFillGradient.h */ = {isa = PBXFileReference; fileEncoding = 4; lastKnownFileType = sourcecode.c.h; path = _CPTFillGradient.h; sourceTree = "<group>"; };
		015D074215C8F1080005AA87 /* _CPTFillImage.h */ = {isa = PBXFileReference; fileEncoding = 4; lastKnownFileType = sourcecode.c.h; path = _CPTFillImage.h; sourceTree = "<group>"; };
		015D074315C8F1080005AA87 /* _CPTPlainBlackTheme.h */ = {isa = PBXFileReference; fileEncoding = 4; lastKnownFileType = sourcecode.c.h; path = _CPTPlainBlackTheme.h; sourceTree = "<group>"; };
		015D074415C8F1080005AA87 /* _CPTPlainWhiteTheme.h */ = {isa = PBXFileReference; fileEncoding = 4; lastKnownFileType = sourcecode.c.h; path = _CPTPlainWhiteTheme.h; sourceTree = "<group>"; };
		015D074515C8F1080005AA87 /* _CPTSlateTheme.h */ = {isa = PBXFileReference; fileEncoding = 4; lastKnownFileType = sourcecode.c.h; path = _CPTSlateTheme.h; sourceTree = "<group>"; };
		015D074615C8F1080005AA87 /* _CPTStocksTheme.h */ = {isa = PBXFileReference; fileEncoding = 4; lastKnownFileType = sourcecode.c.h; path = _CPTStocksTheme.h; sourceTree = "<group>"; };
		015D074715C8F1080005AA87 /* _CPTXYTheme.h */ = {isa = PBXFileReference; fileEncoding = 4; lastKnownFileType = sourcecode.c.h; path = _CPTXYTheme.h; sourceTree = "<group>"; };
		015D074815C8F1080005AA87 /* CorePlot-CocoaTouch.h */ = {isa = PBXFileReference; fileEncoding = 4; lastKnownFileType = sourcecode.c.h; path = "CorePlot-CocoaTouch.h"; sourceTree = "<group>"; };
		015D074915C8F1080005AA87 /* CPTAnnotation.h */ = {isa = PBXFileReference; fileEncoding = 4; lastKnownFileType = sourcecode.c.h; path = CPTAnnotation.h; sourceTree = "<group>"; };
		015D074A15C8F1080005AA87 /* CPTAnnotationHostLayer.h */ = {isa = PBXFileReference; fileEncoding = 4; lastKnownFileType = sourcecode.c.h; path = CPTAnnotationHostLayer.h; sourceTree = "<group>"; };
		015D074B15C8F1080005AA87 /* CPTAxis.h */ = {isa = PBXFileReference; fileEncoding = 4; lastKnownFileType = sourcecode.c.h; path = CPTAxis.h; sourceTree = "<group>"; };
		015D074C15C8F1080005AA87 /* CPTAxisLabel.h */ = {isa = PBXFileReference; fileEncoding = 4; lastKnownFileType = sourcecode.c.h; path = CPTAxisLabel.h; sourceTree = "<group>"; };
		015D074D15C8F1080005AA87 /* CPTAxisLabelGroup.h */ = {isa = PBXFileReference; fileEncoding = 4; lastKnownFileType = sourcecode.c.h; path = CPTAxisLabelGroup.h; sourceTree = "<group>"; };
		015D074E15C8F1080005AA87 /* CPTAxisSet.h */ = {isa = PBXFileReference; fileEncoding = 4; lastKnownFileType = sourcecode.c.h; path = CPTAxisSet.h; sourceTree = "<group>"; };
		015D074F15C8F1080005AA87 /* CPTAxisTitle.h */ = {isa = PBXFileReference; fileEncoding = 4; lastKnownFileType = sourcecode.c.h; path = CPTAxisTitle.h; sourceTree = "<group>"; };
		015D075015C8F1080005AA87 /* CPTBarPlot.h */ = {isa = PBXFileReference; fileEncoding = 4; lastKnownFileType = sourcecode.c.h; path = CPTBarPlot.h; sourceTree = "<group>"; };
		015D075115C8F1080005AA87 /* CPTBorderedLayer.h */ = {isa = PBXFileReference; fileEncoding = 4; lastKnownFileType = sourcecode.c.h; path = CPTBorderedLayer.h; sourceTree = "<group>"; };
		015D075215C8F1080005AA87 /* CPTColor.h */ = {isa = PBXFileReference; fileEncoding = 4; lastKnownFileType = sourcecode.c.h; path = CPTColor.h; sourceTree = "<group>"; };
		015D075315C8F1080005AA87 /* CPTColorSpace.h */ = {isa = PBXFileReference; fileEncoding = 4; lastKnownFileType = sourcecode.c.h; path = CPTColorSpace.h; sourceTree = "<group>"; };
		015D075415C8F1080005AA87 /* CPTConstraints.h */ = {isa = PBXFileReference; fileEncoding = 4; lastKnownFileType = sourcecode.c.h; path = CPTConstraints.h; sourceTree = "<group>"; };
		015D075515C8F1080005AA87 /* CPTDefinitions.h */ = {isa = PBXFileReference; fileEncoding = 4; lastKnownFileType = sourcecode.c.h; path = CPTDefinitions.h; sourceTree = "<group>"; };
		015D075615C8F1080005AA87 /* CPTExceptions.h */ = {isa = PBXFileReference; fileEncoding = 4; lastKnownFileType = sourcecode.c.h; path = CPTExceptions.h; sourceTree = "<group>"; };
		015D075715C8F1080005AA87 /* CPTFill.h */ = {isa = PBXFileReference; fileEncoding = 4; lastKnownFileType = sourcecode.c.h; path = CPTFill.h; sourceTree = "<group>"; };
		015D075815C8F1080005AA87 /* CPTGradient.h */ = {isa = PBXFileReference; fileEncoding = 4; lastKnownFileType = sourcecode.c.h; path = CPTGradient.h; sourceTree = "<group>"; };
		015D075915C8F1080005AA87 /* CPTGraph.h */ = {isa = PBXFileReference; fileEncoding = 4; lastKnownFileType = sourcecode.c.h; path = CPTGraph.h; sourceTree = "<group>"; };
		015D075A15C8F1080005AA87 /* CPTGraphHostingView.h */ = {isa = PBXFileReference; fileEncoding = 4; lastKnownFileType = sourcecode.c.h; path = CPTGraphHostingView.h; sourceTree = "<group>"; };
		015D075B15C8F1080005AA87 /* CPTGridLineGroup.h */ = {isa = PBXFileReference; fileEncoding = 4; lastKnownFileType = sourcecode.c.h; path = CPTGridLineGroup.h; sourceTree = "<group>"; };
		015D075C15C8F1080005AA87 /* CPTGridLines.h */ = {isa = PBXFileReference; fileEncoding = 4; lastKnownFileType = sourcecode.c.h; path = CPTGridLines.h; sourceTree = "<group>"; };
		015D075D15C8F1080005AA87 /* CPTImage.h */ = {isa = PBXFileReference; fileEncoding = 4; lastKnownFileType = sourcecode.c.h; path = CPTImage.h; sourceTree = "<group>"; };
		015D075E15C8F1080005AA87 /* CPTLayer.h */ = {isa = PBXFileReference; fileEncoding = 4; lastKnownFileType = sourcecode.c.h; path = CPTLayer.h; sourceTree = "<group>"; };
		015D075F15C8F1080005AA87 /* CPTLayerAnnotation.h */ = {isa = PBXFileReference; fileEncoding = 4; lastKnownFileType = sourcecode.c.h; path = CPTLayerAnnotation.h; sourceTree = "<group>"; };
		015D076015C8F1080005AA87 /* CPTLegend.h */ = {isa = PBXFileReference; fileEncoding = 4; lastKnownFileType = sourcecode.c.h; path = CPTLegend.h; sourceTree = "<group>"; };
		015D076115C8F1080005AA87 /* CPTLegendEntry.h */ = {isa = PBXFileReference; fileEncoding = 4; lastKnownFileType = sourcecode.c.h; path = CPTLegendEntry.h; sourceTree = "<group>"; };
		015D076215C8F1080005AA87 /* CPTLimitBand.h */ = {isa = PBXFileReference; fileEncoding = 4; lastKnownFileType = sourcecode.c.h; path = CPTLimitBand.h; sourceTree = "<group>"; };
		015D076315C8F1080005AA87 /* CPTLineCap.h */ = {isa = PBXFileReference; fileEncoding = 4; lastKnownFileType = sourcecode.c.h; path = CPTLineCap.h; sourceTree = "<group>"; };
		015D076415C8F1080005AA87 /* CPTLineStyle.h */ = {isa = PBXFileReference; fileEncoding = 4; lastKnownFileType = sourcecode.c.h; path = CPTLineStyle.h; sourceTree = "<group>"; };
		015D076515C8F1080005AA87 /* CPTMutableLineStyle.h */ = {isa = PBXFileReference; fileEncoding = 4; lastKnownFileType = sourcecode.c.h; path = CPTMutableLineStyle.h; sourceTree = "<group>"; };
		015D076615C8F1080005AA87 /* CPTMutableNumericData+TypeConversion.h */ = {isa = PBXFileReference; fileEncoding = 4; lastKnownFileType = sourcecode.c.h; path = "CPTMutableNumericData+TypeConversion.h"; sourceTree = "<group>"; };
		015D076715C8F1080005AA87 /* CPTMutableNumericData.h */ = {isa = PBXFileReference; fileEncoding = 4; lastKnownFileType = sourcecode.c.h; path = CPTMutableNumericData.h; sourceTree = "<group>"; };
		015D076815C8F1080005AA87 /* CPTMutablePlotRange.h */ = {isa = PBXFileReference; fileEncoding = 4; lastKnownFileType = sourcecode.c.h; path = CPTMutablePlotRange.h; sourceTree = "<group>"; };
		015D076915C8F1080005AA87 /* CPTMutableShadow.h */ = {isa = PBXFileReference; fileEncoding = 4; lastKnownFileType = sourcecode.c.h; path = CPTMutableShadow.h; sourceTree = "<group>"; };
		015D076A15C8F1080005AA87 /* CPTMutableTextStyle.h */ = {isa = PBXFileReference; fileEncoding = 4; lastKnownFileType = sourcecode.c.h; path = CPTMutableTextStyle.h; sourceTree = "<group>"; };
		015D076B15C8F1080005AA87 /* CPTNumericData+TypeConversion.h */ = {isa = PBXFileReference; fileEncoding = 4; lastKnownFileType = sourcecode.c.h; path = "CPTNumericData+TypeConversion.h"; sourceTree = "<group>"; };
		015D076C15C8F1080005AA87 /* CPTNumericData.h */ = {isa = PBXFileReference; fileEncoding = 4; lastKnownFileType = sourcecode.c.h; path = CPTNumericData.h; sourceTree = "<group>"; };
		015D076D15C8F1080005AA87 /* CPTNumericDataType.h */ = {isa = PBXFileReference; fileEncoding = 4; lastKnownFileType = sourcecode.c.h; path = CPTNumericDataType.h; sourceTree = "<group>"; };
		015D076E15C8F1080005AA87 /* CPTPathExtensions.h */ = {isa = PBXFileReference; fileEncoding = 4; lastKnownFileType = sourcecode.c.h; path = CPTPathExtensions.h; sourceTree = "<group>"; };
		015D076F15C8F1080005AA87 /* CPTPieChart.h */ = {isa = PBXFileReference; fileEncoding = 4; lastKnownFileType = sourcecode.c.h; path = CPTPieChart.h; sourceTree = "<group>"; };
		015D077015C8F1080005AA87 /* CPTPlatformSpecificCategories.h */ = {isa = PBXFileReference; fileEncoding = 4; lastKnownFileType = sourcecode.c.h; path = CPTPlatformSpecificCategories.h; sourceTree = "<group>"; };
		015D077115C8F1080005AA87 /* CPTPlatformSpecificDefines.h */ = {isa = PBXFileReference; fileEncoding = 4; lastKnownFileType = sourcecode.c.h; path = CPTPlatformSpecificDefines.h; sourceTree = "<group>"; };
		015D077215C8F1080005AA87 /* CPTPlatformSpecificFunctions.h */ = {isa = PBXFileReference; fileEncoding = 4; lastKnownFileType = sourcecode.c.h; path = CPTPlatformSpecificFunctions.h; sourceTree = "<group>"; };
		015D077315C8F1080005AA87 /* CPTPlot.h */ = {isa = PBXFileReference; fileEncoding = 4; lastKnownFileType = sourcecode.c.h; path = CPTPlot.h; sourceTree = "<group>"; };
		015D077415C8F1080005AA87 /* CPTPlotArea.h */ = {isa = PBXFileReference; fileEncoding = 4; lastKnownFileType = sourcecode.c.h; path = CPTPlotArea.h; sourceTree = "<group>"; };
		015D077515C8F1080005AA87 /* CPTPlotAreaFrame.h */ = {isa = PBXFileReference; fileEncoding = 4; lastKnownFileType = sourcecode.c.h; path = CPTPlotAreaFrame.h; sourceTree = "<group>"; };
		015D077615C8F1080005AA87 /* CPTPlotGroup.h */ = {isa = PBXFileReference; fileEncoding = 4; lastKnownFileType = sourcecode.c.h; path = CPTPlotGroup.h; sourceTree = "<group>"; };
		015D077715C8F1080005AA87 /* CPTPlotRange.h */ = {isa = PBXFileReference; fileEncoding = 4; lastKnownFileType = sourcecode.c.h; path = CPTPlotRange.h; sourceTree = "<group>"; };
		015D077815C8F1080005AA87 /* CPTPlotSpace.h */ = {isa = PBXFileReference; fileEncoding = 4; lastKnownFileType = sourcecode.c.h; path = CPTPlotSpace.h; sourceTree = "<group>"; };
		015D077915C8F1080005AA87 /* CPTPlotSpaceAnnotation.h */ = {isa = PBXFileReference; fileEncoding = 4; lastKnownFileType = sourcecode.c.h; path = CPTPlotSpaceAnnotation.h; sourceTree = "<group>"; };
		015D077A15C8F1080005AA87 /* CPTPlotSymbol.h */ = {isa = PBXFileReference; fileEncoding = 4; lastKnownFileType = sourcecode.c.h; path = CPTPlotSymbol.h; sourceTree = "<group>"; };
		015D077B15C8F1080005AA87 /* CPTRangePlot.h */ = {isa = PBXFileReference; fileEncoding = 4; lastKnownFileType = sourcecode.c.h; path = CPTRangePlot.h; sourceTree = "<group>"; };
		015D077C15C8F1080005AA87 /* CPTResponder.h */ = {isa = PBXFileReference; fileEncoding = 4; lastKnownFileType = sourcecode.c.h; path = CPTResponder.h; sourceTree = "<group>"; };
		015D077D15C8F1080005AA87 /* CPTScatterPlot.h */ = {isa = PBXFileReference; fileEncoding = 4; lastKnownFileType = sourcecode.c.h; path = CPTScatterPlot.h; sourceTree = "<group>"; };
		015D077E15C8F1080005AA87 /* CPTShadow.h */ = {isa = PBXFileReference; fileEncoding = 4; lastKnownFileType = sourcecode.c.h; path = CPTShadow.h; sourceTree = "<group>"; };
		015D077F15C8F1080005AA87 /* CPTTextLayer.h */ = {isa = PBXFileReference; fileEncoding = 4; lastKnownFileType = sourcecode.c.h; path = CPTTextLayer.h; sourceTree = "<group>"; };
		015D078015C8F1080005AA87 /* CPTTextStyle.h */ = {isa = PBXFileReference; fileEncoding = 4; lastKnownFileType = sourcecode.c.h; path = CPTTextStyle.h; sourceTree = "<group>"; };
		015D078115C8F1080005AA87 /* CPTTheme.h */ = {isa = PBXFileReference; fileEncoding = 4; lastKnownFileType = sourcecode.c.h; path = CPTTheme.h; sourceTree = "<group>"; };
		015D078215C8F1080005AA87 /* CPTTimeFormatter.h */ = {isa = PBXFileReference; fileEncoding = 4; lastKnownFileType = sourcecode.c.h; path = CPTTimeFormatter.h; sourceTree = "<group>"; };
		015D078315C8F1080005AA87 /* CPTTradingRangePlot.h */ = {isa = PBXFileReference; fileEncoding = 4; lastKnownFileType = sourcecode.c.h; path = CPTTradingRangePlot.h; sourceTree = "<group>"; };
		015D078415C8F1080005AA87 /* CPTUtilities.h */ = {isa = PBXFileReference; fileEncoding = 4; lastKnownFileType = sourcecode.c.h; path = CPTUtilities.h; sourceTree = "<group>"; };
		015D078515C8F1080005AA87 /* CPTXYAxis.h */ = {isa = PBXFileReference; fileEncoding = 4; lastKnownFileType = sourcecode.c.h; path = CPTXYAxis.h; sourceTree = "<group>"; };
		015D078615C8F1080005AA87 /* CPTXYAxisSet.h */ = {isa = PBXFileReference; fileEncoding = 4; lastKnownFileType = sourcecode.c.h; path = CPTXYAxisSet.h; sourceTree = "<group>"; };
		015D078715C8F1080005AA87 /* CPTXYGraph.h */ = {isa = PBXFileReference; fileEncoding = 4; lastKnownFileType = sourcecode.c.h; path = CPTXYGraph.h; sourceTree = "<group>"; };
		015D078815C8F1080005AA87 /* CPTXYPlotSpace.h */ = {isa = PBXFileReference; fileEncoding = 4; lastKnownFileType = sourcecode.c.h; path = CPTXYPlotSpace.h; sourceTree = "<group>"; };
		015D078915C8F1080005AA87 /* NSCoderExtensions.h */ = {isa = PBXFileReference; fileEncoding = 4; lastKnownFileType = sourcecode.c.h; path = NSCoderExtensions.h; sourceTree = "<group>"; };
		015D078A15C8F1080005AA87 /* NSDecimalNumberExtensions.h */ = {isa = PBXFileReference; fileEncoding = 4; lastKnownFileType = sourcecode.c.h; path = NSDecimalNumberExtensions.h; sourceTree = "<group>"; };
		015D078B15C8F1080005AA87 /* NSNumberExtensions.h */ = {isa = PBXFileReference; fileEncoding = 4; lastKnownFileType = sourcecode.c.h; path = NSNumberExtensions.h; sourceTree = "<group>"; };
		015D078C15C8F1080005AA87 /* libCorePlot-CocoaTouch.a */ = {isa = PBXFileReference; lastKnownFileType = archive.ar; path = "libCorePlot-CocoaTouch.a"; sourceTree = "<group>"; };
		2A86784715C9518300720B2D /* QuartzCore.framework */ = {isa = PBXFileReference; lastKnownFileType = wrapper.framework; name = QuartzCore.framework; path = System/Library/Frameworks/QuartzCore.framework; sourceTree = SDKROOT; };
		2A86784915CA2A3F00720B2D /* AddGraph.h */ = {isa = PBXFileReference; fileEncoding = 4; lastKnownFileType = sourcecode.c.h; path = AddGraph.h; sourceTree = "<group>"; };
		2A86784A15CA2A3F00720B2D /* AddGraph.m */ = {isa = PBXFileReference; fileEncoding = 4; lastKnownFileType = sourcecode.c.objc; path = AddGraph.m; sourceTree = "<group>"; };
		2A86784C15CA318B00720B2D /* TranslateFormat.h */ = {isa = PBXFileReference; fileEncoding = 4; lastKnownFileType = sourcecode.c.h; path = TranslateFormat.h; sourceTree = "<group>"; };
		2A86784D15CA318B00720B2D /* TranslateFormat.m */ = {isa = PBXFileReference; fileEncoding = 4; lastKnownFileType = sourcecode.c.objc; path = TranslateFormat.m; sourceTree = "<group>"; };
		2A92148E15CCBD8700B5B993 /* EditLog.h */ = {isa = PBXFileReference; fileEncoding = 4; lastKnownFileType = sourcecode.c.h; path = EditLog.h; sourceTree = "<group>"; };
		2A92148F15CCBD8700B5B993 /* EditLog.m */ = {isa = PBXFileReference; fileEncoding = 4; lastKnownFileType = sourcecode.c.objc; path = EditLog.m; sourceTree = "<group>"; };
		2ACACC8915CE2FE200A6FB31 /* TranslateFormatTest.h */ = {isa = PBXFileReference; fileEncoding = 4; lastKnownFileType = sourcecode.c.h; path = TranslateFormatTest.h; sourceTree = "<group>"; };
		2ACACC8A15CE2FE200A6FB31 /* TranslateFormatTest.m */ = {isa = PBXFileReference; fileEncoding = 4; lastKnownFileType = sourcecode.c.objc; path = TranslateFormatTest.m; sourceTree = "<group>"; };
		2ACACC8E15CE4BC700A6FB31 /* EditLogTest.h */ = {isa = PBXFileReference; fileEncoding = 4; lastKnownFileType = sourcecode.c.h; path = EditLogTest.h; sourceTree = "<group>"; };
		2ACACC8F15CE4BC700A6FB31 /* EditLogTest.m */ = {isa = PBXFileReference; fileEncoding = 4; lastKnownFileType = sourcecode.c.objc; path = EditLogTest.m; sourceTree = "<group>"; };
		2ACB176C15CA932D00DDA60E /* License.txt */ = {isa = PBXFileReference; fileEncoding = 4; lastKnownFileType = text; path = License.txt; sourceTree = "<group>"; };
		2AEA041115C804BF009C9208 /* debug.h */ = {isa = PBXFileReference; lastKnownFileType = sourcecode.c.h; path = debug.h; sourceTree = "<group>"; };
		E95EED9315C26A7300F2A89E /* MainViewController.h */ = {isa = PBXFileReference; fileEncoding = 4; lastKnownFileType = sourcecode.c.h; path = MainViewController.h; sourceTree = "<group>"; };
		E95EED9415C26A7300F2A89E /* MainViewController.m */ = {isa = PBXFileReference; fileEncoding = 4; lastKnownFileType = sourcecode.c.objc; path = MainViewController.m; sourceTree = "<group>"; };
		E95EED9915C26C2600F2A89E /* OptionViewController.h */ = {isa = PBXFileReference; fileEncoding = 4; lastKnownFileType = sourcecode.c.h; path = OptionViewController.h; sourceTree = "<group>"; };
		E95EED9A15C26C2600F2A89E /* OptionViewController.m */ = {isa = PBXFileReference; fileEncoding = 4; lastKnownFileType = sourcecode.c.objc; path = OptionViewController.m; sourceTree = "<group>"; };
		E95EED9C15C26D8D00F2A89E /* BudgetViewController.h */ = {isa = PBXFileReference; fileEncoding = 4; lastKnownFileType = sourcecode.c.h; path = BudgetViewController.h; sourceTree = "<group>"; };
		E95EED9D15C26D8D00F2A89E /* BudgetViewController.m */ = {isa = PBXFileReference; fileEncoding = 4; lastKnownFileType = sourcecode.c.objc; path = BudgetViewController.m; sourceTree = "<group>"; };
		E95EEDA215C26EAB00F2A89E /* GoalViewController.h */ = {isa = PBXFileReference; fileEncoding = 4; lastKnownFileType = sourcecode.c.h; path = GoalViewController.h; sourceTree = "<group>"; };
		E95EEDA315C26EAB00F2A89E /* GoalViewController.m */ = {isa = PBXFileReference; fileEncoding = 4; lastKnownFileType = sourcecode.c.objc; path = GoalViewController.m; sourceTree = "<group>"; };
		E95EEDA515C270B700F2A89E /* DepositViewController.h */ = {isa = PBXFileReference; fileEncoding = 4; lastKnownFileType = sourcecode.c.h; path = DepositViewController.h; sourceTree = "<group>"; };
		E95EEDA615C270B700F2A89E /* DepositViewController.m */ = {isa = PBXFileReference; fileEncoding = 4; lastKnownFileType = sourcecode.c.objc; path = DepositViewController.m; sourceTree = "<group>"; };
		E95EEDA815C273B200F2A89E /* Methods.h */ = {isa = PBXFileReference; fileEncoding = 4; lastKnownFileType = sourcecode.c.h; path = Methods.h; sourceTree = "<group>"; };
		E95EEDA915C273B200F2A89E /* Methods.m */ = {isa = PBXFileReference; fileEncoding = 4; lastKnownFileType = sourcecode.c.objc; path = Methods.m; sourceTree = "<group>"; };
		E98EA58F15BFB8A10019AED5 /* CempeiChokin.app */ = {isa = PBXFileReference; explicitFileType = wrapper.application; includeInIndex = 0; path = CempeiChokin.app; sourceTree = BUILT_PRODUCTS_DIR; };
		E98EA59315BFB8A10019AED5 /* UIKit.framework */ = {isa = PBXFileReference; lastKnownFileType = wrapper.framework; name = UIKit.framework; path = System/Library/Frameworks/UIKit.framework; sourceTree = SDKROOT; };
		E98EA59515BFB8A10019AED5 /* Foundation.framework */ = {isa = PBXFileReference; lastKnownFileType = wrapper.framework; name = Foundation.framework; path = System/Library/Frameworks/Foundation.framework; sourceTree = SDKROOT; };
		E98EA59715BFB8A10019AED5 /* CoreGraphics.framework */ = {isa = PBXFileReference; lastKnownFileType = wrapper.framework; name = CoreGraphics.framework; path = System/Library/Frameworks/CoreGraphics.framework; sourceTree = SDKROOT; };
		E98EA59B15BFB8A10019AED5 /* CempeiChokin-Info.plist */ = {isa = PBXFileReference; lastKnownFileType = text.plist.xml; path = "CempeiChokin-Info.plist"; sourceTree = "<group>"; };
		E98EA59D15BFB8A10019AED5 /* en */ = {isa = PBXFileReference; lastKnownFileType = text.plist.strings; name = en; path = en.lproj/InfoPlist.strings; sourceTree = "<group>"; };
		E98EA59F15BFB8A10019AED5 /* main.m */ = {isa = PBXFileReference; lastKnownFileType = sourcecode.c.objc; path = main.m; sourceTree = "<group>"; };
		E98EA5A115BFB8A10019AED5 /* CempeiChokin-Prefix.pch */ = {isa = PBXFileReference; lastKnownFileType = sourcecode.c.h; path = "CempeiChokin-Prefix.pch"; sourceTree = "<group>"; };
		E98EA5A215BFB8A10019AED5 /* AppDelegate.h */ = {isa = PBXFileReference; lastKnownFileType = sourcecode.c.h; path = AppDelegate.h; sourceTree = "<group>"; };
		E98EA5A315BFB8A10019AED5 /* AppDelegate.m */ = {isa = PBXFileReference; lastKnownFileType = sourcecode.c.objc; path = AppDelegate.m; sourceTree = "<group>"; };
		E98EA5A615BFB8A10019AED5 /* en */ = {isa = PBXFileReference; lastKnownFileType = file.storyboard; name = en; path = en.lproj/MainStoryboard.storyboard; sourceTree = "<group>"; };
		E98EA5B015BFB8A20019AED5 /* CempeiChokinTests.octest */ = {isa = PBXFileReference; explicitFileType = wrapper.cfbundle; includeInIndex = 0; path = CempeiChokinTests.octest; sourceTree = BUILT_PRODUCTS_DIR; };
		E98EA5B115BFB8A20019AED5 /* SenTestingKit.framework */ = {isa = PBXFileReference; lastKnownFileType = wrapper.framework; name = SenTestingKit.framework; path = Library/Frameworks/SenTestingKit.framework; sourceTree = DEVELOPER_DIR; };
		E98EA5B915BFB8A20019AED5 /* CempeiChokinTests-Info.plist */ = {isa = PBXFileReference; lastKnownFileType = text.plist.xml; path = "CempeiChokinTests-Info.plist"; sourceTree = "<group>"; };
		E98EA5BB15BFB8A20019AED5 /* en */ = {isa = PBXFileReference; lastKnownFileType = text.plist.strings; name = en; path = en.lproj/InfoPlist.strings; sourceTree = "<group>"; };
		E98EA5BD15BFB8A20019AED5 /* CempeiChokinTests.h */ = {isa = PBXFileReference; lastKnownFileType = sourcecode.c.h; path = CempeiChokinTests.h; sourceTree = "<group>"; };
		E98EA5BE15BFB8A20019AED5 /* CempeiChokinTests.m */ = {isa = PBXFileReference; lastKnownFileType = sourcecode.c.objc; path = CempeiChokinTests.m; sourceTree = "<group>"; };
		E98EA5CB15BFC9E80019AED5 /* graph.png */ = {isa = PBXFileReference; lastKnownFileType = image.png; path = graph.png; sourceTree = "<group>"; };
		E99F6ED515D22C38006053A6 /* FinishViewController.h */ = {isa = PBXFileReference; fileEncoding = 4; lastKnownFileType = sourcecode.c.h; path = FinishViewController.h; sourceTree = "<group>"; };
		E99F6ED615D22C3C006053A6 /* FinishViewController.m */ = {isa = PBXFileReference; fileEncoding = 4; lastKnownFileType = sourcecode.c.objc; path = FinishViewController.m; sourceTree = "<group>"; };
		E9AA9B1315D2454200D5ADD5 /* Default.png */ = {isa = PBXFileReference; lastKnownFileType = image.png; path = Default.png; sourceTree = "<group>"; };
		E9AFEDEB15C9151C0021815A /* help.jpg */ = {isa = PBXFileReference; lastKnownFileType = image.jpeg; path = help.jpg; sourceTree = "<group>"; };
		E9AFEDEE15C915BA0021815A /* FirstHelpViewController.h */ = {isa = PBXFileReference; fileEncoding = 4; lastKnownFileType = sourcecode.c.h; path = FirstHelpViewController.h; sourceTree = "<group>"; };
		E9AFEDEF15C915BA0021815A /* FirstHelpViewController.m */ = {isa = PBXFileReference; fileEncoding = 4; lastKnownFileType = sourcecode.c.objc; path = FirstHelpViewController.m; sourceTree = "<group>"; };
/* End PBXFileReference section */

/* Begin PBXFrameworksBuildPhase section */
		E98EA58C15BFB8A10019AED5 /* Frameworks */ = {
			isa = PBXFrameworksBuildPhase;
			buildActionMask = 2147483647;
			files = (
				2A86784815C9518300720B2D /* QuartzCore.framework in Frameworks */,
				E98EA59415BFB8A10019AED5 /* UIKit.framework in Frameworks */,
				E98EA59615BFB8A10019AED5 /* Foundation.framework in Frameworks */,
				E98EA59815BFB8A10019AED5 /* CoreGraphics.framework in Frameworks */,
				015D078D15C8F1080005AA87 /* libCorePlot-CocoaTouch.a in Frameworks */,
			);
			runOnlyForDeploymentPostprocessing = 0;
		};
		E98EA5AC15BFB8A10019AED5 /* Frameworks */ = {
			isa = PBXFrameworksBuildPhase;
			buildActionMask = 2147483647;
			files = (
				E98EA5B215BFB8A20019AED5 /* SenTestingKit.framework in Frameworks */,
				E98EA5B315BFB8A20019AED5 /* UIKit.framework in Frameworks */,
				E98EA5B415BFB8A20019AED5 /* Foundation.framework in Frameworks */,
			);
			runOnlyForDeploymentPostprocessing = 0;
		};
/* End PBXFrameworksBuildPhase section */

/* Begin PBXGroup section */
		015D073B15C8F1080005AA87 /* Core-Plot */ = {
			isa = PBXGroup;
			children = (
				015D073C15C8F1080005AA87 /* CorePlotHeaders */,
				015D078C15C8F1080005AA87 /* libCorePlot-CocoaTouch.a */,
				2ACB176C15CA932D00DDA60E /* License.txt */,
			);
			name = "Core-Plot";
			path = ../iOS;
			sourceTree = "<group>";
		};
		015D073C15C8F1080005AA87 /* CorePlotHeaders */ = {
			isa = PBXGroup;
			children = (
				015D073D15C8F1080005AA87 /* _CPTConstraintsFixed.h */,
				015D073E15C8F1080005AA87 /* _CPTConstraintsRelative.h */,
				015D073F15C8F1080005AA87 /* _CPTDarkGradientTheme.h */,
				015D074015C8F1080005AA87 /* _CPTFillColor.h */,
				015D074115C8F1080005AA87 /* _CPTFillGradient.h */,
				015D074215C8F1080005AA87 /* _CPTFillImage.h */,
				015D074315C8F1080005AA87 /* _CPTPlainBlackTheme.h */,
				015D074415C8F1080005AA87 /* _CPTPlainWhiteTheme.h */,
				015D074515C8F1080005AA87 /* _CPTSlateTheme.h */,
				015D074615C8F1080005AA87 /* _CPTStocksTheme.h */,
				015D074715C8F1080005AA87 /* _CPTXYTheme.h */,
				015D074815C8F1080005AA87 /* CorePlot-CocoaTouch.h */,
				015D074915C8F1080005AA87 /* CPTAnnotation.h */,
				015D074A15C8F1080005AA87 /* CPTAnnotationHostLayer.h */,
				015D074B15C8F1080005AA87 /* CPTAxis.h */,
				015D074C15C8F1080005AA87 /* CPTAxisLabel.h */,
				015D074D15C8F1080005AA87 /* CPTAxisLabelGroup.h */,
				015D074E15C8F1080005AA87 /* CPTAxisSet.h */,
				015D074F15C8F1080005AA87 /* CPTAxisTitle.h */,
				015D075015C8F1080005AA87 /* CPTBarPlot.h */,
				015D075115C8F1080005AA87 /* CPTBorderedLayer.h */,
				015D075215C8F1080005AA87 /* CPTColor.h */,
				015D075315C8F1080005AA87 /* CPTColorSpace.h */,
				015D075415C8F1080005AA87 /* CPTConstraints.h */,
				015D075515C8F1080005AA87 /* CPTDefinitions.h */,
				015D075615C8F1080005AA87 /* CPTExceptions.h */,
				015D075715C8F1080005AA87 /* CPTFill.h */,
				015D075815C8F1080005AA87 /* CPTGradient.h */,
				015D075915C8F1080005AA87 /* CPTGraph.h */,
				015D075A15C8F1080005AA87 /* CPTGraphHostingView.h */,
				015D075B15C8F1080005AA87 /* CPTGridLineGroup.h */,
				015D075C15C8F1080005AA87 /* CPTGridLines.h */,
				015D075D15C8F1080005AA87 /* CPTImage.h */,
				015D075E15C8F1080005AA87 /* CPTLayer.h */,
				015D075F15C8F1080005AA87 /* CPTLayerAnnotation.h */,
				015D076015C8F1080005AA87 /* CPTLegend.h */,
				015D076115C8F1080005AA87 /* CPTLegendEntry.h */,
				015D076215C8F1080005AA87 /* CPTLimitBand.h */,
				015D076315C8F1080005AA87 /* CPTLineCap.h */,
				015D076415C8F1080005AA87 /* CPTLineStyle.h */,
				015D076515C8F1080005AA87 /* CPTMutableLineStyle.h */,
				015D076615C8F1080005AA87 /* CPTMutableNumericData+TypeConversion.h */,
				015D076715C8F1080005AA87 /* CPTMutableNumericData.h */,
				015D076815C8F1080005AA87 /* CPTMutablePlotRange.h */,
				015D076915C8F1080005AA87 /* CPTMutableShadow.h */,
				015D076A15C8F1080005AA87 /* CPTMutableTextStyle.h */,
				015D076B15C8F1080005AA87 /* CPTNumericData+TypeConversion.h */,
				015D076C15C8F1080005AA87 /* CPTNumericData.h */,
				015D076D15C8F1080005AA87 /* CPTNumericDataType.h */,
				015D076E15C8F1080005AA87 /* CPTPathExtensions.h */,
				015D076F15C8F1080005AA87 /* CPTPieChart.h */,
				015D077015C8F1080005AA87 /* CPTPlatformSpecificCategories.h */,
				015D077115C8F1080005AA87 /* CPTPlatformSpecificDefines.h */,
				015D077215C8F1080005AA87 /* CPTPlatformSpecificFunctions.h */,
				015D077315C8F1080005AA87 /* CPTPlot.h */,
				015D077415C8F1080005AA87 /* CPTPlotArea.h */,
				015D077515C8F1080005AA87 /* CPTPlotAreaFrame.h */,
				015D077615C8F1080005AA87 /* CPTPlotGroup.h */,
				015D077715C8F1080005AA87 /* CPTPlotRange.h */,
				015D077815C8F1080005AA87 /* CPTPlotSpace.h */,
				015D077915C8F1080005AA87 /* CPTPlotSpaceAnnotation.h */,
				015D077A15C8F1080005AA87 /* CPTPlotSymbol.h */,
				015D077B15C8F1080005AA87 /* CPTRangePlot.h */,
				015D077C15C8F1080005AA87 /* CPTResponder.h */,
				015D077D15C8F1080005AA87 /* CPTScatterPlot.h */,
				015D077E15C8F1080005AA87 /* CPTShadow.h */,
				015D077F15C8F1080005AA87 /* CPTTextLayer.h */,
				015D078015C8F1080005AA87 /* CPTTextStyle.h */,
				015D078115C8F1080005AA87 /* CPTTheme.h */,
				015D078215C8F1080005AA87 /* CPTTimeFormatter.h */,
				015D078315C8F1080005AA87 /* CPTTradingRangePlot.h */,
				015D078415C8F1080005AA87 /* CPTUtilities.h */,
				015D078515C8F1080005AA87 /* CPTXYAxis.h */,
				015D078615C8F1080005AA87 /* CPTXYAxisSet.h */,
				015D078715C8F1080005AA87 /* CPTXYGraph.h */,
				015D078815C8F1080005AA87 /* CPTXYPlotSpace.h */,
				015D078915C8F1080005AA87 /* NSCoderExtensions.h */,
				015D078A15C8F1080005AA87 /* NSDecimalNumberExtensions.h */,
				015D078B15C8F1080005AA87 /* NSNumberExtensions.h */,
			);
			path = CorePlotHeaders;
			sourceTree = "<group>";
		};
		2A92149215CCBD9500B5B993 /* Edit */ = {
			isa = PBXGroup;
			children = (
				2A92148E15CCBD8700B5B993 /* EditLog.h */,
				2A92148F15CCBD8700B5B993 /* EditLog.m */,
			);
			name = Edit;
			sourceTree = "<group>";
		};
		2ACACC8D15CE2FED00A6FB31 /* AddMethods */ = {
			isa = PBXGroup;
			children = (
				2ACACC9115CE4BCD00A6FB31 /* Edit */,
				2ACACC8915CE2FE200A6FB31 /* TranslateFormatTest.h */,
				2ACACC8A15CE2FE200A6FB31 /* TranslateFormatTest.m */,
			);
			name = AddMethods;
			sourceTree = "<group>";
		};
		2ACACC9115CE4BCD00A6FB31 /* Edit */ = {
			isa = PBXGroup;
			children = (
				2ACACC8E15CE4BC700A6FB31 /* EditLogTest.h */,
				2ACACC8F15CE4BC700A6FB31 /* EditLogTest.m */,
			);
			name = Edit;
			sourceTree = "<group>";
		};
		E98EA58415BFB8A10019AED5 = {
			isa = PBXGroup;
			children = (
				E9AA9B1315D2454200D5ADD5 /* Default.png */,
				E98EA59915BFB8A10019AED5 /* CempeiChokin */,
				E98EA5B715BFB8A20019AED5 /* CempeiChokinTests */,
				E98EA59215BFB8A10019AED5 /* Frameworks */,
				E98EA59015BFB8A10019AED5 /* Products */,
			);
			sourceTree = "<group>";
		};
		E98EA59015BFB8A10019AED5 /* Products */ = {
			isa = PBXGroup;
			children = (
				E98EA58F15BFB8A10019AED5 /* CempeiChokin.app */,
				E98EA5B015BFB8A20019AED5 /* CempeiChokinTests.octest */,
			);
			name = Products;
			sourceTree = "<group>";
		};
		E98EA59215BFB8A10019AED5 /* Frameworks */ = {
			isa = PBXGroup;
			children = (
				2A86784715C9518300720B2D /* QuartzCore.framework */,
				E98EA59315BFB8A10019AED5 /* UIKit.framework */,
				E98EA59515BFB8A10019AED5 /* Foundation.framework */,
				E98EA59715BFB8A10019AED5 /* CoreGraphics.framework */,
				E98EA5B115BFB8A20019AED5 /* SenTestingKit.framework */,
			);
			name = Frameworks;
			sourceTree = "<group>";
		};
		E98EA59915BFB8A10019AED5 /* CempeiChokin */ = {
			isa = PBXGroup;
			children = (
				015D073B15C8F1080005AA87 /* Core-Plot */,
				E9B4BC4F15C235DC00E92B3D /* AddMethods */,
				E9B4BC4C15C234B600E92B3D /* ViewControllers */,
				E98EA5C915BFC97C0019AED5 /* Resources */,
				E98EA5A515BFB8A10019AED5 /* MainStoryboard.storyboard */,
				E98EA5A215BFB8A10019AED5 /* AppDelegate.h */,
				E98EA5A315BFB8A10019AED5 /* AppDelegate.m */,
				E98EA59A15BFB8A10019AED5 /* Supporting Files */,
			);
			path = CempeiChokin;
			sourceTree = "<group>";
		};
		E98EA59A15BFB8A10019AED5 /* Supporting Files */ = {
			isa = PBXGroup;
			children = (
				E98EA59B15BFB8A10019AED5 /* CempeiChokin-Info.plist */,
				E98EA59C15BFB8A10019AED5 /* InfoPlist.strings */,
				E98EA59F15BFB8A10019AED5 /* main.m */,
				E98EA5A115BFB8A10019AED5 /* CempeiChokin-Prefix.pch */,
				2AEA041115C804BF009C9208 /* debug.h */,
			);
			name = "Supporting Files";
			sourceTree = "<group>";
		};
		E98EA5B715BFB8A20019AED5 /* CempeiChokinTests */ = {
			isa = PBXGroup;
			children = (
				2ACACC8D15CE2FED00A6FB31 /* AddMethods */,
				E98EA5BD15BFB8A20019AED5 /* CempeiChokinTests.h */,
				E98EA5BE15BFB8A20019AED5 /* CempeiChokinTests.m */,
				E98EA5B815BFB8A20019AED5 /* Supporting Files */,
			);
			path = CempeiChokinTests;
			sourceTree = "<group>";
		};
		E98EA5B815BFB8A20019AED5 /* Supporting Files */ = {
			isa = PBXGroup;
			children = (
				E98EA5B915BFB8A20019AED5 /* CempeiChokinTests-Info.plist */,
				E98EA5BA15BFB8A20019AED5 /* InfoPlist.strings */,
			);
			name = "Supporting Files";
			sourceTree = "<group>";
		};
		E98EA5C915BFC97C0019AED5 /* Resources */ = {
			isa = PBXGroup;
			children = (
				E98EA5CA15BFC9BE0019AED5 /* Images */,
			);
			name = Resources;
			sourceTree = "<group>";
		};
		E98EA5CA15BFC9BE0019AED5 /* Images */ = {
			isa = PBXGroup;
			children = (
				E9AFEDEB15C9151C0021815A /* help.jpg */,
				E98EA5CB15BFC9E80019AED5 /* graph.png */,
			);
			name = Images;
			sourceTree = "<group>";
		};
		E9B4BC4C15C234B600E92B3D /* ViewControllers */ = {
			isa = PBXGroup;
			children = (
				E95EED9315C26A7300F2A89E /* MainViewController.h */,
				E95EED9415C26A7300F2A89E /* MainViewController.m */,
				E95EEDA215C26EAB00F2A89E /* GoalViewController.h */,
				E95EEDA315C26EAB00F2A89E /* GoalViewController.m */,
				E95EED9C15C26D8D00F2A89E /* BudgetViewController.h */,
				E95EED9D15C26D8D00F2A89E /* BudgetViewController.m */,
				E95EEDA515C270B700F2A89E /* DepositViewController.h */,
				E95EEDA615C270B700F2A89E /* DepositViewController.m */,
				E95EED9915C26C2600F2A89E /* OptionViewController.h */,
				E95EED9A15C26C2600F2A89E /* OptionViewController.m */,
				E9AFEDEE15C915BA0021815A /* FirstHelpViewController.h */,
				E9AFEDEF15C915BA0021815A /* FirstHelpViewController.m */,
				E99F6ED515D22C38006053A6 /* FinishViewController.h */,
				E99F6ED615D22C3C006053A6 /* FinishViewController.m */,
			);
			name = ViewControllers;
			sourceTree = "<group>";
		};
		E9B4BC4F15C235DC00E92B3D /* AddMethods */ = {
			isa = PBXGroup;
			children = (
				2A92149215CCBD9500B5B993 /* Edit */,
				E95EEDA815C273B200F2A89E /* Methods.h */,
				E95EEDA915C273B200F2A89E /* Methods.m */,
				2A86784915CA2A3F00720B2D /* AddGraph.h */,
				2A86784A15CA2A3F00720B2D /* AddGraph.m */,
				2A86784C15CA318B00720B2D /* TranslateFormat.h */,
				2A86784D15CA318B00720B2D /* TranslateFormat.m */,
			);
			name = AddMethods;
			sourceTree = "<group>";
		};
/* End PBXGroup section */

/* Begin PBXNativeTarget section */
		E98EA58E15BFB8A10019AED5 /* CempeiChokin */ = {
			isa = PBXNativeTarget;
			buildConfigurationList = E98EA5C215BFB8A20019AED5 /* Build configuration list for PBXNativeTarget "CempeiChokin" */;
			buildPhases = (
				E98EA58B15BFB8A10019AED5 /* Sources */,
				E98EA58C15BFB8A10019AED5 /* Frameworks */,
				E98EA58D15BFB8A10019AED5 /* Resources */,
			);
			buildRules = (
			);
			dependencies = (
			);
			name = CempeiChokin;
			productName = CempeiChokin;
			productReference = E98EA58F15BFB8A10019AED5 /* CempeiChokin.app */;
			productType = "com.apple.product-type.application";
		};
		E98EA5AF15BFB8A10019AED5 /* CempeiChokinTests */ = {
			isa = PBXNativeTarget;
			buildConfigurationList = E98EA5C515BFB8A20019AED5 /* Build configuration list for PBXNativeTarget "CempeiChokinTests" */;
			buildPhases = (
				E98EA5AB15BFB8A10019AED5 /* Sources */,
				E98EA5AC15BFB8A10019AED5 /* Frameworks */,
				E98EA5AD15BFB8A10019AED5 /* Resources */,
				E98EA5AE15BFB8A10019AED5 /* ShellScript */,
			);
			buildRules = (
			);
			dependencies = (
				E98EA5B615BFB8A20019AED5 /* PBXTargetDependency */,
			);
			name = CempeiChokinTests;
			productName = CempeiChokinTests;
			productReference = E98EA5B015BFB8A20019AED5 /* CempeiChokinTests.octest */;
			productType = "com.apple.product-type.bundle";
		};
/* End PBXNativeTarget section */

/* Begin PBXProject section */
		E98EA58615BFB8A10019AED5 /* Project object */ = {
			isa = PBXProject;
			attributes = {
				LastUpgradeCheck = 0440;
				ORGANIZATIONNAME = "Nakano Asami";
			};
			buildConfigurationList = E98EA58915BFB8A10019AED5 /* Build configuration list for PBXProject "CempeiChokin" */;
			compatibilityVersion = "Xcode 3.2";
			developmentRegion = English;
			hasScannedForEncodings = 0;
			knownRegions = (
				en,
			);
			mainGroup = E98EA58415BFB8A10019AED5;
			productRefGroup = E98EA59015BFB8A10019AED5 /* Products */;
			projectDirPath = "";
			projectRoot = "";
			targets = (
				E98EA58E15BFB8A10019AED5 /* CempeiChokin */,
				E98EA5AF15BFB8A10019AED5 /* CempeiChokinTests */,
			);
		};
/* End PBXProject section */

/* Begin PBXResourcesBuildPhase section */
		E98EA58D15BFB8A10019AED5 /* Resources */ = {
			isa = PBXResourcesBuildPhase;
			buildActionMask = 2147483647;
			files = (
				E98EA59E15BFB8A10019AED5 /* InfoPlist.strings in Resources */,
				E98EA5A715BFB8A10019AED5 /* MainStoryboard.storyboard in Resources */,
				E98EA5CC15BFC9E80019AED5 /* graph.png in Resources */,
				E9AFEDEC15C9151C0021815A /* help.jpg in Resources */,
				2ACB176D15CA932D00DDA60E /* License.txt in Resources */,
				E9AA9B1915D245BA00D5ADD5 /* Default.png in Resources */,
			);
			runOnlyForDeploymentPostprocessing = 0;
		};
		E98EA5AD15BFB8A10019AED5 /* Resources */ = {
			isa = PBXResourcesBuildPhase;
			buildActionMask = 2147483647;
			files = (
				E98EA5BC15BFB8A20019AED5 /* InfoPlist.strings in Resources */,
			);
			runOnlyForDeploymentPostprocessing = 0;
		};
/* End PBXResourcesBuildPhase section */

/* Begin PBXShellScriptBuildPhase section */
		E98EA5AE15BFB8A10019AED5 /* ShellScript */ = {
			isa = PBXShellScriptBuildPhase;
			buildActionMask = 2147483647;
			files = (
			);
			inputPaths = (
			);
			outputPaths = (
			);
			runOnlyForDeploymentPostprocessing = 0;
			shellPath = /bin/sh;
			shellScript = "# Run the unit tests in this test bundle.\n\"${SYSTEM_DEVELOPER_DIR}/Tools/RunUnitTests\"\n";
		};
/* End PBXShellScriptBuildPhase section */

/* Begin PBXSourcesBuildPhase section */
		E98EA58B15BFB8A10019AED5 /* Sources */ = {
			isa = PBXSourcesBuildPhase;
			buildActionMask = 2147483647;
			files = (
				E98EA5A015BFB8A10019AED5 /* main.m in Sources */,
				E98EA5A415BFB8A10019AED5 /* AppDelegate.m in Sources */,
				E95EED9515C26A7300F2A89E /* MainViewController.m in Sources */,
				E95EED9B15C26C2600F2A89E /* OptionViewController.m in Sources */,
				E95EED9E15C26D8D00F2A89E /* BudgetViewController.m in Sources */,
				E95EEDA415C26EAB00F2A89E /* GoalViewController.m in Sources */,
				E95EEDA715C270B700F2A89E /* DepositViewController.m in Sources */,
				E95EEDAA15C273B200F2A89E /* Methods.m in Sources */,
				E9AFEDF015C915BA0021815A /* FirstHelpViewController.m in Sources */,
				2A86784B15CA2A3F00720B2D /* AddGraph.m in Sources */,
				2A86784E15CA318B00720B2D /* TranslateFormat.m in Sources */,
				2A92149015CCBD8700B5B993 /* EditLog.m in Sources */,
				E99F6ED715D22C44006053A6 /* FinishViewController.m in Sources */,
			);
			runOnlyForDeploymentPostprocessing = 0;
		};
		E98EA5AB15BFB8A10019AED5 /* Sources */ = {
			isa = PBXSourcesBuildPhase;
			buildActionMask = 2147483647;
			files = (
				E98EA5BF15BFB8A20019AED5 /* CempeiChokinTests.m in Sources */,
				2ACACC8B15CE2FE200A6FB31 /* TranslateFormatTest.m in Sources */,
				2ACACC9015CE4BC700A6FB31 /* EditLogTest.m in Sources */,
			);
			runOnlyForDeploymentPostprocessing = 0;
		};
/* End PBXSourcesBuildPhase section */

/* Begin PBXTargetDependency section */
		E98EA5B615BFB8A20019AED5 /* PBXTargetDependency */ = {
			isa = PBXTargetDependency;
			target = E98EA58E15BFB8A10019AED5 /* CempeiChokin */;
			targetProxy = E98EA5B515BFB8A20019AED5 /* PBXContainerItemProxy */;
		};
/* End PBXTargetDependency section */

/* Begin PBXVariantGroup section */
		E98EA59C15BFB8A10019AED5 /* InfoPlist.strings */ = {
			isa = PBXVariantGroup;
			children = (
				E98EA59D15BFB8A10019AED5 /* en */,
			);
			name = InfoPlist.strings;
			sourceTree = "<group>";
		};
		E98EA5A515BFB8A10019AED5 /* MainStoryboard.storyboard */ = {
			isa = PBXVariantGroup;
			children = (
				E98EA5A615BFB8A10019AED5 /* en */,
			);
			name = MainStoryboard.storyboard;
			sourceTree = "<group>";
		};
		E98EA5BA15BFB8A20019AED5 /* InfoPlist.strings */ = {
			isa = PBXVariantGroup;
			children = (
				E98EA5BB15BFB8A20019AED5 /* en */,
			);
			name = InfoPlist.strings;
			sourceTree = "<group>";
		};
/* End PBXVariantGroup section */

/* Begin XCBuildConfiguration section */
		E98EA5C015BFB8A20019AED5 /* Debug */ = {
			isa = XCBuildConfiguration;
			buildSettings = {
				ALWAYS_SEARCH_USER_PATHS = NO;
				ARCHS = "$(ARCHS_STANDARD_32_BIT)";
				CLANG_ENABLE_OBJC_ARC = YES;
				"CODE_SIGN_IDENTITY[sdk=iphoneos*]" = "iPhone Developer";
				COPY_PHASE_STRIP = NO;
				GCC_C_LANGUAGE_STANDARD = gnu99;
				GCC_DYNAMIC_NO_PIC = NO;
				GCC_OPTIMIZATION_LEVEL = 0;
				GCC_PREPROCESSOR_DEFINITIONS = (
					"DEBUG=1",
					"$(inherited)",
				);
				GCC_SYMBOLS_PRIVATE_EXTERN = NO;
				GCC_VERSION = "";
				GCC_WARN_ABOUT_RETURN_TYPE = YES;
				GCC_WARN_UNINITIALIZED_AUTOS = YES;
				GCC_WARN_UNUSED_VARIABLE = YES;
				IPHONEOS_DEPLOYMENT_TARGET = 5.1;
				SDKROOT = iphoneos;
				VALIDATE_PRODUCT = NO;
			};
			name = Debug;
		};
		E98EA5C115BFB8A20019AED5 /* Release */ = {
			isa = XCBuildConfiguration;
			buildSettings = {
				ALWAYS_SEARCH_USER_PATHS = NO;
				ARCHS = "$(ARCHS_STANDARD_32_BIT)";
				CLANG_ENABLE_OBJC_ARC = YES;
				"CODE_SIGN_IDENTITY[sdk=iphoneos*]" = "iPhone Developer";
				COPY_PHASE_STRIP = YES;
				GCC_C_LANGUAGE_STANDARD = gnu99;
				GCC_VERSION = "";
				GCC_WARN_ABOUT_RETURN_TYPE = YES;
				GCC_WARN_UNINITIALIZED_AUTOS = YES;
				GCC_WARN_UNUSED_VARIABLE = YES;
				IPHONEOS_DEPLOYMENT_TARGET = 5.1;
				OTHER_CFLAGS = "-DNS_BLOCK_ASSERTIONS=1";
				SDKROOT = iphoneos;
				VALIDATE_PRODUCT = YES;
			};
			name = Release;
		};
		E98EA5C315BFB8A20019AED5 /* Debug */ = {
			isa = XCBuildConfiguration;
			buildSettings = {
				GCC_PRECOMPILE_PREFIX_HEADER = YES;
				GCC_PREFIX_HEADER = "CempeiChokin/CempeiChokin-Prefix.pch";
				INFOPLIST_FILE = "CempeiChokin/CempeiChokin-Info.plist";
				LIBRARY_SEARCH_PATHS = (
					"$(inherited)",
					"\"$(SRCROOT)/iOS\"",
				);
				OTHER_LDFLAGS = "-ObjC";
				PRODUCT_NAME = "$(TARGET_NAME)";
				WRAPPER_EXTENSION = app;
			};
			name = Debug;
		};
		E98EA5C415BFB8A20019AED5 /* Release */ = {
			isa = XCBuildConfiguration;
			buildSettings = {
				GCC_PRECOMPILE_PREFIX_HEADER = YES;
				GCC_PREFIX_HEADER = "CempeiChokin/CempeiChokin-Prefix.pch";
				INFOPLIST_FILE = "CempeiChokin/CempeiChokin-Info.plist";
				LIBRARY_SEARCH_PATHS = (
					"$(inherited)",
					"\"$(SRCROOT)/iOS\"",
				);
				OTHER_LDFLAGS = "-ObjC";
				PRODUCT_NAME = "$(TARGET_NAME)";
				WRAPPER_EXTENSION = app;
			};
			name = Release;
		};
		E98EA5C615BFB8A20019AED5 /* Debug */ = {
			isa = XCBuildConfiguration;
			buildSettings = {
				BUNDLE_LOADER = "$(BUILT_PRODUCTS_DIR)/CempeiChokin.app/CempeiChokin";
				FRAMEWORK_SEARCH_PATHS = (
					"$(SDKROOT)/Developer/Library/Frameworks",
					"$(DEVELOPER_LIBRARY_DIR)/Frameworks",
				);
				GCC_PRECOMPILE_PREFIX_HEADER = YES;
				GCC_PREFIX_HEADER = "CempeiChokin/CempeiChokin-Prefix.pch";
				INFOPLIST_FILE = "CempeiChokinTests/CempeiChokinTests-Info.plist";
				PRODUCT_NAME = "$(TARGET_NAME)";
				TEST_HOST = "$(BUNDLE_LOADER)";
				WRAPPER_EXTENSION = octest;
			};
			name = Debug;
		};
		E98EA5C715BFB8A20019AED5 /* Release */ = {
			isa = XCBuildConfiguration;
			buildSettings = {
				BUNDLE_LOADER = "$(BUILT_PRODUCTS_DIR)/CempeiChokin.app/CempeiChokin";
				FRAMEWORK_SEARCH_PATHS = (
					"$(SDKROOT)/Developer/Library/Frameworks",
					"$(DEVELOPER_LIBRARY_DIR)/Frameworks",
				);
				GCC_PRECOMPILE_PREFIX_HEADER = YES;
				GCC_PREFIX_HEADER = "CempeiChokin/CempeiChokin-Prefix.pch";
				INFOPLIST_FILE = "CempeiChokinTests/CempeiChokinTests-Info.plist";
				PRODUCT_NAME = "$(TARGET_NAME)";
				TEST_HOST = "$(BUNDLE_LOADER)";
				WRAPPER_EXTENSION = octest;
			};
			name = Release;
		};
/* End XCBuildConfiguration section */

/* Begin XCConfigurationList section */
		E98EA58915BFB8A10019AED5 /* Build configuration list for PBXProject "CempeiChokin" */ = {
			isa = XCConfigurationList;
			buildConfigurations = (
				E98EA5C015BFB8A20019AED5 /* Debug */,
				E98EA5C115BFB8A20019AED5 /* Release */,
			);
			defaultConfigurationIsVisible = 0;
			defaultConfigurationName = Release;
		};
		E98EA5C215BFB8A20019AED5 /* Build configuration list for PBXNativeTarget "CempeiChokin" */ = {
			isa = XCConfigurationList;
			buildConfigurations = (
				E98EA5C315BFB8A20019AED5 /* Debug */,
				E98EA5C415BFB8A20019AED5 /* Release */,
			);
			defaultConfigurationIsVisible = 0;
			defaultConfigurationName = Release;
		};
		E98EA5C515BFB8A20019AED5 /* Build configuration list for PBXNativeTarget "CempeiChokinTests" */ = {
			isa = XCConfigurationList;
			buildConfigurations = (
				E98EA5C615BFB8A20019AED5 /* Debug */,
				E98EA5C715BFB8A20019AED5 /* Release */,
			);
			defaultConfigurationIsVisible = 0;
			defaultConfigurationName = Release;
		};
/* End XCConfigurationList section */
	};
	rootObject = E98EA58615BFB8A10019AED5 /* Project object */;
}
